
Microsoft Visual Studio Solution File, Format Version 12.00
# Visual Studio 15
VisualStudioVersion = 15.0.27130.2010
MinimumVisualStudioVersion = 10.0.40219.1
Project("{9A19103F-16F7-4668-BE54-9A1E7A4F7556}") = "RetroCoreFit", "RetroCoreFit\RetroCoreFit.csproj", "{918B9280-1A3B-4810-8285-33BBA810B65A}"
EndProject
Project("{FAE04EC0-301F-11D3-BF4B-00C04F79EFBC}") = "RetroCoreFit.Tests", "RetroCoreFit.Tests\RetroCoreFit.Tests.csproj", "{81958A34-AFDC-4530-8F8E-78A8F47C09A2}"
EndProject
Global
	GlobalSection(SolutionConfigurationPlatforms) = preSolution
		Debug|Any CPU = Debug|Any CPU
		Release|Any CPU = Release|Any CPU
	EndGlobalSection
	GlobalSection(ProjectConfigurationPlatforms) = postSolution
		{918B9280-1A3B-4810-8285-33BBA810B65A}.Debug|Any CPU.ActiveCfg = Debug|Any CPU
		{918B9280-1A3B-4810-8285-33BBA810B65A}.Debug|Any CPU.Build.0 = Debug|Any CPU
		{918B9280-1A3B-4810-8285-33BBA810B65A}.Release|Any CPU.ActiveCfg = Release|Any CPU
		{918B9280-1A3B-4810-8285-33BBA810B65A}.Release|Any CPU.Build.0 = Release|Any CPU
		{81958A34-AFDC-4530-8F8E-78A8F47C09A2}.Debug|Any CPU.ActiveCfg = Debug|Any CPU
		{81958A34-AFDC-4530-8F8E-78A8F47C09A2}.Debug|Any CPU.Build.0 = Debug|Any CPU
		{81958A34-AFDC-4530-8F8E-78A8F47C09A2}.Release|Any CPU.ActiveCfg = Release|Any CPU
		{81958A34-AFDC-4530-8F8E-78A8F47C09A2}.Release|Any CPU.Build.0 = Release|Any CPU
	EndGlobalSection
	GlobalSection(SolutionProperties) = preSolution
		HideSolutionNode = FALSE
	EndGlobalSection
	GlobalSection(ExtensibilityGlobals) = postSolution
		SolutionGuid = {B88CD17A-0652-43AA-BAA5-4F5AAF948548}
	EndGlobalSection
EndGlobal
